// !$*UTF8*$!
{
	archiveVersion = 1;
	classes = {
	};
	objectVersion = 55;
	objects = {

/* Begin PBXBuildFile section */
		1117D039D1A43D3269AEDAAD /* Processes.swift in Sources */ = {isa = PBXBuildFile; fileRef = 1117D8A6E54EDEBCD33378A9 /* Processes.swift */; };
		1117D3821797AA065F31CE11 /* IConvHandle.swift in Sources */ = {isa = PBXBuildFile; fileRef = 1117D0BDAA2B1E64412D0333 /* IConvHandle.swift */; };
		1117DAACE535DF88B6D1A254 /* PGThread.swift in Sources */ = {isa = PBXBuildFile; fileRef = 1117D387548ABCE7340E33CD /* PGThread.swift */; };
		1117DD3DF9FFC30B3956A079 /* Tools.swift in Sources */ = {isa = PBXBuildFile; fileRef = 1117DC6F28BD9A798B2E3D11 /* Tools.swift */; };
		1117DF2B2705CED6E20B17F7 /* SwiftIConv.swift in Sources */ = {isa = PBXBuildFile; fileRef = 1117D029462949ACCB1A7A58 /* SwiftIConv.swift */; };
		83185D052832BED2007515D8 /* SwiftIConv.docc in Sources */ = {isa = PBXBuildFile; fileRef = 83185D042832BED2007515D8 /* SwiftIConv.docc */; };
		83185D0B2832BED2007515D8 /* SwiftIConv.framework in Frameworks */ = {isa = PBXBuildFile; fileRef = 83185D002832BED2007515D8 /* SwiftIConv.framework */; };
		83185D102832BED2007515D8 /* SwiftIConvTests.swift in Sources */ = {isa = PBXBuildFile; fileRef = 83185D0F2832BED2007515D8 /* SwiftIConvTests.swift */; };
		83185D112832BED2007515D8 /* SwiftIConv.h in Headers */ = {isa = PBXBuildFile; fileRef = 83185D032832BED2007515D8 /* SwiftIConv.h */; settings = {ATTRIBUTES = (Public, ); }; };
		83185D1C2832BF1B007515D8 /* libiconv.tbd in Frameworks */ = {isa = PBXBuildFile; fileRef = 83185D1B2832BF10007515D8 /* libiconv.tbd */; };
		833688BB2843A53200C81A36 /* RegularExpression in Frameworks */ = {isa = PBXBuildFile; productRef = 833688BA2843A53200C81A36 /* RegularExpression */; };
/* End PBXBuildFile section */

/* Begin PBXContainerItemProxy section */
		83185D0C2832BED2007515D8 /* PBXContainerItemProxy */ = {
			isa = PBXContainerItemProxy;
			containerPortal = 83185CF72832BED2007515D8 /* Project object */;
			proxyType = 1;
			remoteGlobalIDString = 83185CFF2832BED2007515D8;
			remoteInfo = SwiftIConv;
		};
/* End PBXContainerItemProxy section */

/* Begin PBXFileReference section */
		1117D029462949ACCB1A7A58 /* SwiftIConv.swift */ = {isa = PBXFileReference; fileEncoding = 4; lastKnownFileType = sourcecode.swift; path = SwiftIConv.swift; sourceTree = "<group>"; };
		1117D04FE76915F15E3972A6 /* LICENSE */ = {isa = PBXFileReference; fileEncoding = 4; lastKnownFileType = text; path = LICENSE; sourceTree = "<group>"; };
		1117D0BDAA2B1E64412D0333 /* IConvHandle.swift */ = {isa = PBXFileReference; fileEncoding = 4; lastKnownFileType = sourcecode.swift; path = IConvHandle.swift; sourceTree = "<group>"; };
		1117D26C06BC81F037A7124B /* iconv.h */ = {isa = PBXFileReference; fileEncoding = 4; lastKnownFileType = sourcecode.c.h; path = iconv.h; sourceTree = "<group>"; };
		1117D387548ABCE7340E33CD /* PGThread.swift */ = {isa = PBXFileReference; fileEncoding = 4; lastKnownFileType = sourcecode.swift; path = PGThread.swift; sourceTree = "<group>"; };
		1117D5C8A1C20C07EB62D9E5 /* module.modulemap */ = {isa = PBXFileReference; fileEncoding = 4; lastKnownFileType = "sourcecode.module-map"; path = module.modulemap; sourceTree = "<group>"; };
		1117D77C6B71443CD21E80B7 /* .jazzy.yaml */ = {isa = PBXFileReference; fileEncoding = 4; lastKnownFileType = text.yaml; path = .jazzy.yaml; sourceTree = "<group>"; };
		1117D77F8D7006F20920B8A0 /* README.md */ = {isa = PBXFileReference; fileEncoding = 4; lastKnownFileType = net.daringfireball.markdown; path = README.md; sourceTree = "<group>"; };
		1117D8A6E54EDEBCD33378A9 /* Processes.swift */ = {isa = PBXFileReference; fileEncoding = 4; lastKnownFileType = sourcecode.swift; path = Processes.swift; sourceTree = "<group>"; };
		1117DA453ED1147030E242C3 /* .gitignore */ = {isa = PBXFileReference; lastKnownFileType = file.gitignore; path = .gitignore; sourceTree = "<group>"; };
		1117DC6F28BD9A798B2E3D11 /* Tools.swift */ = {isa = PBXFileReference; fileEncoding = 4; lastKnownFileType = sourcecode.swift; path = Tools.swift; sourceTree = "<group>"; };
		1117DD4770DA000C577DE0E4 /* Package.swift */ = {isa = PBXFileReference; fileEncoding = 4; lastKnownFileType = sourcecode.swift; path = Package.swift; sourceTree = "<group>"; };
		83185D002832BED2007515D8 /* SwiftIConv.framework */ = {isa = PBXFileReference; explicitFileType = wrapper.framework; includeInIndex = 0; path = SwiftIConv.framework; sourceTree = BUILT_PRODUCTS_DIR; };
		83185D032832BED2007515D8 /* SwiftIConv.h */ = {isa = PBXFileReference; lastKnownFileType = sourcecode.c.h; path = SwiftIConv.h; sourceTree = "<group>"; };
		83185D042832BED2007515D8 /* SwiftIConv.docc */ = {isa = PBXFileReference; lastKnownFileType = folder.documentationcatalog; path = SwiftIConv.docc; sourceTree = "<group>"; };
		83185D0A2832BED2007515D8 /* SwiftIConvTests.xctest */ = {isa = PBXFileReference; explicitFileType = wrapper.cfbundle; includeInIndex = 0; path = SwiftIConvTests.xctest; sourceTree = BUILT_PRODUCTS_DIR; };
		83185D0F2832BED2007515D8 /* SwiftIConvTests.swift */ = {isa = PBXFileReference; lastKnownFileType = sourcecode.swift; path = SwiftIConvTests.swift; sourceTree = "<group>"; };
		83185D1B2832BF10007515D8 /* libiconv.tbd */ = {isa = PBXFileReference; lastKnownFileType = "sourcecode.text-based-dylib-definition"; name = libiconv.tbd; path = usr/lib/libiconv.tbd; sourceTree = SDKROOT; };
/* End PBXFileReference section */

/* Begin PBXFrameworksBuildPhase section */
		83185CFD2832BED2007515D8 /* Frameworks */ = {
			isa = PBXFrameworksBuildPhase;
			buildActionMask = 2147483647;
			files = (
				83185D1C2832BF1B007515D8 /* libiconv.tbd in Frameworks */,
				833688BB2843A53200C81A36 /* RegularExpression in Frameworks */,
			);
			runOnlyForDeploymentPostprocessing = 0;
		};
		83185D072832BED2007515D8 /* Frameworks */ = {
			isa = PBXFrameworksBuildPhase;
			buildActionMask = 2147483647;
			files = (
				83185D0B2832BED2007515D8 /* SwiftIConv.framework in Frameworks */,
			);
			runOnlyForDeploymentPostprocessing = 0;
		};
/* End PBXFrameworksBuildPhase section */

/* Begin PBXGroup section */
		1117D462CEFBE7C9469E1FBF /* iconv */ = {
			isa = PBXGroup;
			children = (
				1117D26C06BC81F037A7124B /* iconv.h */,
				1117D5C8A1C20C07EB62D9E5 /* module.modulemap */,
			);
			path = iconv;
			sourceTree = "<group>";
		};
		1117DF97FF1BC93BA1DABF91 /* ProjectFiles */ = {
			isa = PBXGroup;
			children = (
				1117DA453ED1147030E242C3 /* .gitignore */,
				1117D77F8D7006F20920B8A0 /* README.md */,
				1117DD4770DA000C577DE0E4 /* Package.swift */,
				1117D04FE76915F15E3972A6 /* LICENSE */,
				1117D77C6B71443CD21E80B7 /* .jazzy.yaml */,
			);
			name = ProjectFiles;
			sourceTree = "<group>";
		};
		83185CF62832BED2007515D8 = {
			isa = PBXGroup;
			children = (
				83185D1E2832BF37007515D8 /* Tests */,
				83185D1D2832BF29007515D8 /* Sources */,
				83185D012832BED2007515D8 /* Products */,
				83185D1A2832BF10007515D8 /* Frameworks */,
				1117DF97FF1BC93BA1DABF91 /* ProjectFiles */,
			);
			sourceTree = "<group>";
		};
		83185D012832BED2007515D8 /* Products */ = {
			isa = PBXGroup;
			children = (
				83185D002832BED2007515D8 /* SwiftIConv.framework */,
				83185D0A2832BED2007515D8 /* SwiftIConvTests.xctest */,
			);
			name = Products;
			sourceTree = "<group>";
		};
		83185D022832BED2007515D8 /* SwiftIConv */ = {
			isa = PBXGroup;
			children = (
				83185D032832BED2007515D8 /* SwiftIConv.h */,
				83185D042832BED2007515D8 /* SwiftIConv.docc */,
				1117D029462949ACCB1A7A58 /* SwiftIConv.swift */,
				1117D0BDAA2B1E64412D0333 /* IConvHandle.swift */,
				1117D8A6E54EDEBCD33378A9 /* Processes.swift */,
				1117D387548ABCE7340E33CD /* PGThread.swift */,
				1117DC6F28BD9A798B2E3D11 /* Tools.swift */,
			);
			path = SwiftIConv;
			sourceTree = "<group>";
		};
		83185D0E2832BED2007515D8 /* SwiftIConvTests */ = {
			isa = PBXGroup;
			children = (
				83185D0F2832BED2007515D8 /* SwiftIConvTests.swift */,
			);
			path = SwiftIConvTests;
			sourceTree = "<group>";
		};
		83185D1A2832BF10007515D8 /* Frameworks */ = {
			isa = PBXGroup;
			children = (
				83185D1B2832BF10007515D8 /* libiconv.tbd */,
			);
			name = Frameworks;
			sourceTree = "<group>";
		};
		83185D1D2832BF29007515D8 /* Sources */ = {
			isa = PBXGroup;
			children = (
				83185D022832BED2007515D8 /* SwiftIConv */,
				1117D462CEFBE7C9469E1FBF /* iconv */,
			);
			path = Sources;
			sourceTree = "<group>";
		};
		83185D1E2832BF37007515D8 /* Tests */ = {
			isa = PBXGroup;
			children = (
				83185D0E2832BED2007515D8 /* SwiftIConvTests */,
			);
			path = Tests;
			sourceTree = "<group>";
		};
/* End PBXGroup section */

/* Begin PBXHeadersBuildPhase section */
		83185CFB2832BED2007515D8 /* Headers */ = {
			isa = PBXHeadersBuildPhase;
			buildActionMask = 2147483647;
			files = (
				83185D112832BED2007515D8 /* SwiftIConv.h in Headers */,
			);
			runOnlyForDeploymentPostprocessing = 0;
		};
/* End PBXHeadersBuildPhase section */

/* Begin PBXNativeTarget section */
		83185CFF2832BED2007515D8 /* SwiftIConv */ = {
			isa = PBXNativeTarget;
			buildConfigurationList = 83185D142832BED2007515D8 /* Build configuration list for PBXNativeTarget "SwiftIConv" */;
			buildPhases = (
				83185CFB2832BED2007515D8 /* Headers */,
				83185CFC2832BED2007515D8 /* Sources */,
				83185CFD2832BED2007515D8 /* Frameworks */,
				83185CFE2832BED2007515D8 /* Resources */,
			);
			buildRules = (
			);
			dependencies = (
			);
			name = SwiftIConv;
			packageProductDependencies = (
				833688BA2843A53200C81A36 /* RegularExpression */,
			);
			productName = SwiftIConv;
			productReference = 83185D002832BED2007515D8 /* SwiftIConv.framework */;
			productType = "com.apple.product-type.framework";
		};
		83185D092832BED2007515D8 /* SwiftIConvTests */ = {
			isa = PBXNativeTarget;
			buildConfigurationList = 83185D172832BED2007515D8 /* Build configuration list for PBXNativeTarget "SwiftIConvTests" */;
			buildPhases = (
				83185D062832BED2007515D8 /* Sources */,
				83185D072832BED2007515D8 /* Frameworks */,
				83185D082832BED2007515D8 /* Resources */,
			);
			buildRules = (
			);
			dependencies = (
				83185D0D2832BED2007515D8 /* PBXTargetDependency */,
			);
			name = SwiftIConvTests;
			productName = SwiftIConvTests;
			productReference = 83185D0A2832BED2007515D8 /* SwiftIConvTests.xctest */;
			productType = "com.apple.product-type.bundle.unit-test";
		};
/* End PBXNativeTarget section */

/* Begin PBXProject section */
		83185CF72832BED2007515D8 /* Project object */ = {
			isa = PBXProject;
			attributes = {
				BuildIndependentTargetsInParallel = 1;
				LastSwiftUpdateCheck = 1330;
				LastUpgradeCheck = 1330;
				TargetAttributes = {
					83185CFF2832BED2007515D8 = {
						CreatedOnToolsVersion = 13.3.1;
					};
					83185D092832BED2007515D8 = {
						CreatedOnToolsVersion = 13.3.1;
					};
				};
			};
			buildConfigurationList = 83185CFA2832BED2007515D8 /* Build configuration list for PBXProject "SwiftIConv" */;
			compatibilityVersion = "Xcode 13.0";
			developmentRegion = en;
			hasScannedForEncodings = 0;
			knownRegions = (
				en,
				Base,
			);
			mainGroup = 83185CF62832BED2007515D8;
			packageReferences = (
				833688B92843A53200C81A36 /* XCRemoteSwiftPackageReference "RegularExpression" */,
			);
			productRefGroup = 83185D012832BED2007515D8 /* Products */;
			projectDirPath = "";
			projectRoot = "";
			targets = (
				83185CFF2832BED2007515D8 /* SwiftIConv */,
				83185D092832BED2007515D8 /* SwiftIConvTests */,
			);
		};
/* End PBXProject section */

/* Begin PBXResourcesBuildPhase section */
		83185CFE2832BED2007515D8 /* Resources */ = {
			isa = PBXResourcesBuildPhase;
			buildActionMask = 2147483647;
			files = (
			);
			runOnlyForDeploymentPostprocessing = 0;
		};
		83185D082832BED2007515D8 /* Resources */ = {
			isa = PBXResourcesBuildPhase;
			buildActionMask = 2147483647;
			files = (
			);
			runOnlyForDeploymentPostprocessing = 0;
		};
/* End PBXResourcesBuildPhase section */

/* Begin PBXSourcesBuildPhase section */
		83185CFC2832BED2007515D8 /* Sources */ = {
			isa = PBXSourcesBuildPhase;
			buildActionMask = 2147483647;
			files = (
				83185D052832BED2007515D8 /* SwiftIConv.docc in Sources */,
				1117DF2B2705CED6E20B17F7 /* SwiftIConv.swift in Sources */,
				1117D3821797AA065F31CE11 /* IConvHandle.swift in Sources */,
				1117D039D1A43D3269AEDAAD /* Processes.swift in Sources */,
				1117DAACE535DF88B6D1A254 /* PGThread.swift in Sources */,
				1117DD3DF9FFC30B3956A079 /* Tools.swift in Sources */,
			);
			runOnlyForDeploymentPostprocessing = 0;
		};
		83185D062832BED2007515D8 /* Sources */ = {
			isa = PBXSourcesBuildPhase;
			buildActionMask = 2147483647;
			files = (
				83185D102832BED2007515D8 /* SwiftIConvTests.swift in Sources */,
			);
			runOnlyForDeploymentPostprocessing = 0;
		};
/* End PBXSourcesBuildPhase section */

/* Begin PBXTargetDependency section */
		83185D0D2832BED2007515D8 /* PBXTargetDependency */ = {
			isa = PBXTargetDependency;
			target = 83185CFF2832BED2007515D8 /* SwiftIConv */;
			targetProxy = 83185D0C2832BED2007515D8 /* PBXContainerItemProxy */;
		};
/* End PBXTargetDependency section */

/* Begin XCBuildConfiguration section */
		83185D122832BED2007515D8 /* Debug */ = {
			isa = XCBuildConfiguration;
			buildSettings = {
				ALWAYS_SEARCH_USER_PATHS = NO;
				CLANG_ANALYZER_NONNULL = YES;
				CLANG_ANALYZER_NUMBER_OBJECT_CONVERSION = YES_AGGRESSIVE;
				CLANG_CXX_LANGUAGE_STANDARD = "gnu++17";
				CLANG_ENABLE_MODULES = YES;
				CLANG_ENABLE_OBJC_ARC = YES;
				CLANG_ENABLE_OBJC_WEAK = YES;
				CLANG_WARN_BLOCK_CAPTURE_AUTORELEASING = YES;
				CLANG_WARN_BOOL_CONVERSION = YES;
				CLANG_WARN_COMMA = YES;
				CLANG_WARN_CONSTANT_CONVERSION = YES;
				CLANG_WARN_DEPRECATED_OBJC_IMPLEMENTATIONS = YES;
				CLANG_WARN_DIRECT_OBJC_ISA_USAGE = YES_ERROR;
				CLANG_WARN_DOCUMENTATION_COMMENTS = YES;
				CLANG_WARN_EMPTY_BODY = YES;
				CLANG_WARN_ENUM_CONVERSION = YES;
				CLANG_WARN_INFINITE_RECURSION = YES;
				CLANG_WARN_INT_CONVERSION = YES;
				CLANG_WARN_NON_LITERAL_NULL_CONVERSION = YES;
				CLANG_WARN_OBJC_IMPLICIT_RETAIN_SELF = YES;
				CLANG_WARN_OBJC_LITERAL_CONVERSION = YES;
				CLANG_WARN_OBJC_ROOT_CLASS = YES_ERROR;
				CLANG_WARN_QUOTED_INCLUDE_IN_FRAMEWORK_HEADER = YES;
				CLANG_WARN_RANGE_LOOP_ANALYSIS = YES;
				CLANG_WARN_STRICT_PROTOTYPES = YES;
				CLANG_WARN_SUSPICIOUS_MOVE = YES;
				CLANG_WARN_UNGUARDED_AVAILABILITY = YES_AGGRESSIVE;
				CLANG_WARN_UNREACHABLE_CODE = YES;
				CLANG_WARN__DUPLICATE_METHOD_MATCH = YES;
				COPY_PHASE_STRIP = NO;
				CURRENT_PROJECT_VERSION = 1;
				DEBUG_INFORMATION_FORMAT = dwarf;
				ENABLE_STRICT_OBJC_MSGSEND = YES;
				ENABLE_TESTABILITY = YES;
				GCC_C_LANGUAGE_STANDARD = gnu11;
				GCC_DYNAMIC_NO_PIC = NO;
				GCC_NO_COMMON_BLOCKS = YES;
				GCC_OPTIMIZATION_LEVEL = 0;
				GCC_PREPROCESSOR_DEFINITIONS = (
					"DEBUG=1",
					"$(inherited)",
				);
				GCC_WARN_64_TO_32_BIT_CONVERSION = YES;
				GCC_WARN_ABOUT_RETURN_TYPE = YES_ERROR;
				GCC_WARN_UNDECLARED_SELECTOR = YES;
				GCC_WARN_UNINITIALIZED_AUTOS = YES_AGGRESSIVE;
				GCC_WARN_UNUSED_FUNCTION = YES;
				GCC_WARN_UNUSED_VARIABLE = YES;
				MACOSX_DEPLOYMENT_TARGET = 12.3;
				MTL_ENABLE_DEBUG_INFO = INCLUDE_SOURCE;
				MTL_FAST_MATH = YES;
				ONLY_ACTIVE_ARCH = YES;
				SDKROOT = macosx;
				SWIFT_ACTIVE_COMPILATION_CONDITIONS = DEBUG;
				SWIFT_OPTIMIZATION_LEVEL = "-Onone";
				VERSIONING_SYSTEM = "apple-generic";
				VERSION_INFO_PREFIX = "";
			};
			name = Debug;
		};
		83185D132832BED2007515D8 /* Release */ = {
			isa = XCBuildConfiguration;
			buildSettings = {
				ALWAYS_SEARCH_USER_PATHS = NO;
				CLANG_ANALYZER_NONNULL = YES;
				CLANG_ANALYZER_NUMBER_OBJECT_CONVERSION = YES_AGGRESSIVE;
				CLANG_CXX_LANGUAGE_STANDARD = "gnu++17";
				CLANG_ENABLE_MODULES = YES;
				CLANG_ENABLE_OBJC_ARC = YES;
				CLANG_ENABLE_OBJC_WEAK = YES;
				CLANG_WARN_BLOCK_CAPTURE_AUTORELEASING = YES;
				CLANG_WARN_BOOL_CONVERSION = YES;
				CLANG_WARN_COMMA = YES;
				CLANG_WARN_CONSTANT_CONVERSION = YES;
				CLANG_WARN_DEPRECATED_OBJC_IMPLEMENTATIONS = YES;
				CLANG_WARN_DIRECT_OBJC_ISA_USAGE = YES_ERROR;
				CLANG_WARN_DOCUMENTATION_COMMENTS = YES;
				CLANG_WARN_EMPTY_BODY = YES;
				CLANG_WARN_ENUM_CONVERSION = YES;
				CLANG_WARN_INFINITE_RECURSION = YES;
				CLANG_WARN_INT_CONVERSION = YES;
				CLANG_WARN_NON_LITERAL_NULL_CONVERSION = YES;
				CLANG_WARN_OBJC_IMPLICIT_RETAIN_SELF = YES;
				CLANG_WARN_OBJC_LITERAL_CONVERSION = YES;
				CLANG_WARN_OBJC_ROOT_CLASS = YES_ERROR;
				CLANG_WARN_QUOTED_INCLUDE_IN_FRAMEWORK_HEADER = YES;
				CLANG_WARN_RANGE_LOOP_ANALYSIS = YES;
				CLANG_WARN_STRICT_PROTOTYPES = YES;
				CLANG_WARN_SUSPICIOUS_MOVE = YES;
				CLANG_WARN_UNGUARDED_AVAILABILITY = YES_AGGRESSIVE;
				CLANG_WARN_UNREACHABLE_CODE = YES;
				CLANG_WARN__DUPLICATE_METHOD_MATCH = YES;
				COPY_PHASE_STRIP = NO;
				CURRENT_PROJECT_VERSION = 1;
				DEBUG_INFORMATION_FORMAT = "dwarf-with-dsym";
				ENABLE_NS_ASSERTIONS = NO;
				ENABLE_STRICT_OBJC_MSGSEND = YES;
				GCC_C_LANGUAGE_STANDARD = gnu11;
				GCC_NO_COMMON_BLOCKS = YES;
				GCC_WARN_64_TO_32_BIT_CONVERSION = YES;
				GCC_WARN_ABOUT_RETURN_TYPE = YES_ERROR;
				GCC_WARN_UNDECLARED_SELECTOR = YES;
				GCC_WARN_UNINITIALIZED_AUTOS = YES_AGGRESSIVE;
				GCC_WARN_UNUSED_FUNCTION = YES;
				GCC_WARN_UNUSED_VARIABLE = YES;
				MACOSX_DEPLOYMENT_TARGET = 12.3;
				MTL_ENABLE_DEBUG_INFO = NO;
				MTL_FAST_MATH = YES;
				SDKROOT = macosx;
				SWIFT_COMPILATION_MODE = wholemodule;
				SWIFT_OPTIMIZATION_LEVEL = "-O";
				VERSIONING_SYSTEM = "apple-generic";
				VERSION_INFO_PREFIX = "";
			};
			name = Release;
		};
		83185D152832BED2007515D8 /* Debug */ = {
			isa = XCBuildConfiguration;
			buildSettings = {
				CODE_SIGN_STYLE = Automatic;
				COMBINE_HIDPI_IMAGES = YES;
				CURRENT_PROJECT_VERSION = 1;
				DEFINES_MODULE = YES;
				DEVELOPMENT_TEAM = Q5XWZ7S7E9;
				DYLIB_COMPATIBILITY_VERSION = 1;
				DYLIB_CURRENT_VERSION = 1;
				DYLIB_INSTALL_NAME_BASE = "@rpath";
				GENERATE_INFOPLIST_FILE = YES;
				INFOPLIST_KEY_NSHumanReadableCopyright = "";
				INSTALL_PATH = "$(LOCAL_LIBRARY_DIR)/Frameworks";
				LD_RUNPATH_SEARCH_PATHS = (
					"$(inherited)",
					"@executable_path/../Frameworks",
					"@loader_path/Frameworks",
				);
				MARKETING_VERSION = 1.0;
				PRODUCT_BUNDLE_IDENTIFIER = com.projectgalen.SwiftIConv;
				PRODUCT_NAME = "$(TARGET_NAME:c99extidentifier)";
				SKIP_INSTALL = YES;
				SWIFT_EMIT_LOC_STRINGS = YES;
				SWIFT_INCLUDE_PATHS = "$(SRCROOT)/Sources/iconv/**";
				SWIFT_VERSION = 5.0;
			};
			name = Debug;
		};
		83185D162832BED2007515D8 /* Release */ = {
			isa = XCBuildConfiguration;
			buildSettings = {
				CODE_SIGN_STYLE = Automatic;
				COMBINE_HIDPI_IMAGES = YES;
				CURRENT_PROJECT_VERSION = 1;
				DEFINES_MODULE = YES;
				DEVELOPMENT_TEAM = Q5XWZ7S7E9;
				DYLIB_COMPATIBILITY_VERSION = 1;
				DYLIB_CURRENT_VERSION = 1;
				DYLIB_INSTALL_NAME_BASE = "@rpath";
				GENERATE_INFOPLIST_FILE = YES;
				INFOPLIST_KEY_NSHumanReadableCopyright = "";
				INSTALL_PATH = "$(LOCAL_LIBRARY_DIR)/Frameworks";
				LD_RUNPATH_SEARCH_PATHS = (
					"$(inherited)",
					"@executable_path/../Frameworks",
					"@loader_path/Frameworks",
				);
				MARKETING_VERSION = 1.0;
				PRODUCT_BUNDLE_IDENTIFIER = com.projectgalen.SwiftIConv;
				PRODUCT_NAME = "$(TARGET_NAME:c99extidentifier)";
				SKIP_INSTALL = YES;
				SWIFT_EMIT_LOC_STRINGS = YES;
				SWIFT_INCLUDE_PATHS = "$(SRCROOT)/Sources/iconv/**";
				SWIFT_VERSION = 5.0;
			};
			name = Release;
		};
		83185D182832BED2007515D8 /* Debug */ = {
			isa = XCBuildConfiguration;
			buildSettings = {
				CODE_SIGN_STYLE = Automatic;
				CURRENT_PROJECT_VERSION = 1;
				DEVELOPMENT_TEAM = Q5XWZ7S7E9;
				GENERATE_INFOPLIST_FILE = YES;
				MARKETING_VERSION = 1.0;
				PRODUCT_BUNDLE_IDENTIFIER = com.projectgalen.SwiftIConvTests;
				PRODUCT_NAME = "$(TARGET_NAME)";
				SWIFT_EMIT_LOC_STRINGS = NO;
				SWIFT_VERSION = 5.0;
			};
			name = Debug;
		};
		83185D192832BED2007515D8 /* Release */ = {
			isa = XCBuildConfiguration;
			buildSettings = {
				CODE_SIGN_STYLE = Automatic;
				CURRENT_PROJECT_VERSION = 1;
				DEVELOPMENT_TEAM = Q5XWZ7S7E9;
				GENERATE_INFOPLIST_FILE = YES;
				MARKETING_VERSION = 1.0;
				PRODUCT_BUNDLE_IDENTIFIER = com.projectgalen.SwiftIConvTests;
				PRODUCT_NAME = "$(TARGET_NAME)";
				SWIFT_EMIT_LOC_STRINGS = NO;
				SWIFT_VERSION = 5.0;
			};
			name = Release;
		};
/* End XCBuildConfiguration section */

/* Begin XCConfigurationList section */
		83185CFA2832BED2007515D8 /* Build configuration list for PBXProject "SwiftIConv" */ = {
			isa = XCConfigurationList;
			buildConfigurations = (
				83185D122832BED2007515D8 /* Debug */,
				83185D132832BED2007515D8 /* Release */,
			);
			defaultConfigurationIsVisible = 0;
			defaultConfigurationName = Release;
		};
		83185D142832BED2007515D8 /* Build configuration list for PBXNativeTarget "SwiftIConv" */ = {
			isa = XCConfigurationList;
			buildConfigurations = (
				83185D152832BED2007515D8 /* Debug */,
				83185D162832BED2007515D8 /* Release */,
			);
			defaultConfigurationIsVisible = 0;
			defaultConfigurationName = Release;
		};
		83185D172832BED2007515D8 /* Build configuration list for PBXNativeTarget "SwiftIConvTests" */ = {
			isa = XCConfigurationList;
			buildConfigurations = (
				83185D182832BED2007515D8 /* Debug */,
				83185D192832BED2007515D8 /* Release */,
			);
			defaultConfigurationIsVisible = 0;
			defaultConfigurationName = Release;
		};
/* End XCConfigurationList section */

/* Begin XCRemoteSwiftPackageReference section */
		833688B92843A53200C81A36 /* XCRemoteSwiftPackageReference "RegularExpression" */ = {
			isa = XCRemoteSwiftPackageReference;
			repositoryURL = "https://github.com/GalenRhodes/RegularExpression.git";
			requirement = {
				kind = upToNextMajorVersion;
				minimumVersion = 3.0.0;
			};
		};
/* End XCRemoteSwiftPackageReference section */

/* Begin XCSwiftPackageProductDependency section */
		833688BA2843A53200C81A36 /* RegularExpression */ = {
			isa = XCSwiftPackageProductDependency;
			package = 833688B92843A53200C81A36 /* XCRemoteSwiftPackageReference "RegularExpression" */;
			productName = RegularExpression;
		};
/* End XCSwiftPackageProductDependency section */
	};
	rootObject = 83185CF72832BED2007515D8 /* Project object */;
}
